{
  "version": 4,
  "terraform_version": "1.10.5",
  "serial": 116,
  "lineage": "9fd73a96-f2f2-3971-b47b-4b9410377eae",
  "outputs": {
    "app_security_group_id": {
      "value": "sg-0527886a8d3017084",
      "type": "string"
    },
    "eks_cluster_name": {
      "value": "demo-eks-cluster",
      "type": "string"
    },
    "kms_key_arn": {
      "value": "arn:aws:kms:us-east-1:088310115913:key/672d7a99-29d0-4c96-abe1-1d9db5ca2258",
      "type": "string"
    },
    "kms_key_id": {
      "value": "672d7a99-29d0-4c96-abe1-1d9db5ca2258",
      "type": "string"
    },
    "nat_gateway_id": {
      "value": "nat-0a29fbd36d97aabea",
      "type": "string"
    },
    "node_group_name": {
      "value": "demo-node-group",
      "type": "string"
    },
    "private_subnets": {
      "value": [
        "subnet-054e6d14b0ffbaae3",
        "subnet-089e94a5d67f7d2dd"
      ],
      "type": [
        "tuple",
        [
          "string",
          "string"
        ]
      ]
    },
    "public_subnets": {
      "value": [
        "subnet-0880c427863e8ab0b",
        "subnet-03a0fd3909198eae7"
      ],
      "type": [
        "tuple",
        [
          "string",
          "string"
        ]
      ]
    },
    "vpc_id": {
      "value": "vpc-08cad6259c41e7aa9",
      "type": "string"
    }
  },
  "resources": [
    {
      "mode": "managed",
      "type": "aws_eks_cluster",
      "name": "main",
      "provider": "provider[\"registry.terraform.io/hashicorp/aws\"]",
      "instances": [
        {
          "schema_version": 1,
          "attributes": {
            "access_config": [
              {
                "authentication_mode": "CONFIG_MAP",
                "bootstrap_cluster_creator_admin_permissions": true
              }
            ],
            "arn": "arn:aws:eks:us-east-1:088310115913:cluster/demo-eks-cluster",
            "bootstrap_self_managed_addons": true,
            "certificate_authority": [
              {
                "data": "LS0tLS1CRUdJTiBDRVJUSUZJQ0FURS0tLS0tCk1JSURCVENDQWUyZ0F3SUJBZ0lJTE9sY2RJTzFBNkF3RFFZSktvWklodmNOQVFFTEJRQXdGVEVUTUJFR0ExVUUKQXhNS2EzVmlaWEp1WlhSbGN6QWVGdzB5TmpBeU1ETXdOekkwTkRSYUZ3MHpOakF5TURFd056STVORFJhTUJVeApFekFSQmdOVkJBTVRDbXQxWW1WeWJtVjBaWE13Z2dFaU1BMEdDU3FHU0liM0RRRUJBUVVBQTRJQkR3QXdnZ0VLCkFvSUJBUURRRnJwZEI5NENCZi9Kd3NTMGlLMnhXc0VmOXBiMVRZK3NNVVE4UFoyTXpyVW42eTRMb2RFOEdrVlMKcUlFcWMwb3dTcy9EaE5jZDlRM0FqRzk5UVcvMy9XbUYwZlBHY2cwczJ0OUJsUTZCbHAyZDF0MU90YlU5WFNXdgppRUhtSGM4eHhhUUNoamdRTjlpemFLZ2JERm5IMU5oZE9aQ2tRNmg0aDBrSFhETU1DckM0ZUZLTjNhMER4RVZ0Ckc1K01WM3VRTno3aXVvV0ZremloMmJtL2lDVnNTY3luMkI0b083OGZodDNIZEZlTGthWWdzdEd3YjNLTS9pSi8KT3E1a3h1eWt2UHRLZFZVMmNxajRHMEMrU0dWZ2dKbjBCajFaZStiN1M2OWkybkFjc1Zra1NSa3FYSFExQlYvcgo2eTRCbmI3QksreWlJZ1lhUC9YRHY1RWhQZ0JoQWdNQkFBR2pXVEJYTUE0R0ExVWREd0VCL3dRRUF3SUNwREFQCkJnTlZIUk1CQWY4RUJUQURBUUgvTUIwR0ExVWREZ1FXQkJTM0NtM1U1YnpkY3Ftd0Y1YzFvMzI2UlUwbFd6QVYKQmdOVkhSRUVEakFNZ2dwcmRXSmxjbTVsZEdWek1BMEdDU3FHU0liM0RRRUJDd1VBQTRJQkFRQkZRa1ZNeEt6UwpUdUlJSmhuOS9QMUc4SUZiZmc2R09OT3M4eWlTVXdhcE5IWndlN0dwTVFzM1FMV2dWUGZPMGk0WVpEMTVaeUhwCmVNNlFrLy9LRGs0ZzJjUkY3MXdtekFmUWNVQUsybzFRd1NnUDdZMUI2OHQyZWx1TktGdDBEMWNiY0hzZnFlMjMKUGJ6VE1lcWpaMGxERHFOcjdQOUJESldXSXRQTEFibDFwVUR2dU82WUdFVlVXbzNBeGVXSXZQYTN0YU9UbEtQbworM3k1dldzbWVHNW01ODVaRzNXbWMrcW9hZThSSS9TcXZEOW1MdTBpLzcwLzZNdWhtR1ZtSmhJQUZua1hDa2dsCmlXUWsrZzJPTzBTRUtsQTZtUm52dlovRk5ZMmdEcjNZQktDTFNBaDA0ek1uc2dObXFuMHRRbFRaWE5FZ1FmcVAKcUVyVmVJc1VHNWdsCi0tLS0tRU5EIENFUlRJRklDQVRFLS0tLS0K"
              }
            ],
            "cluster_id": null,
            "compute_config": [
              {
                "enabled": false,
                "node_pools": [],
                "node_role_arn": ""
              }
            ],
            "control_plane_scaling_config": [
              {
                "tier": "standard"
              }
            ],
            "created_at": "2026-02-03T07:24:24Z",
            "deletion_protection": false,
            "enabled_cluster_log_types": null,
            "encryption_config": [
              {
                "provider": [
                  {
                    "key_arn": "arn:aws:kms:us-east-1:088310115913:key/672d7a99-29d0-4c96-abe1-1d9db5ca2258"
                  }
                ],
                "resources": [
                  "secrets"
                ]
              }
            ],
            "endpoint": "https://9A561FFB0A0AE988A88ABD43C493F890.gr7.us-east-1.eks.amazonaws.com",
            "force_update_version": null,
            "id": "demo-eks-cluster",
            "identity": [
              {
                "oidc": [
                  {
                    "issuer": "https://oidc.eks.us-east-1.amazonaws.com/id/9A561FFB0A0AE988A88ABD43C493F890"
                  }
                ]
              }
            ],
            "kubernetes_network_config": [
              {
                "elastic_load_balancing": [
                  {
                    "enabled": false
                  }
                ],
                "ip_family": "ipv4",
                "service_ipv4_cidr": "172.20.0.0/16",
                "service_ipv6_cidr": ""
              }
            ],
            "name": "demo-eks-cluster",
            "outpost_config": [],
            "platform_version": "eks.13",
            "region": "us-east-1",
            "remote_network_config": [],
            "role_arn": "arn:aws:iam::088310115913:role/eks-eks-cluster-role",
            "status": "ACTIVE",
            "storage_config": [
              {
                "block_storage": [
                  {
                    "enabled": false
                  }
                ]
              }
            ],
            "tags": {
              "Environment": "dev",
              "Project": "eks"
            },
            "tags_all": {
              "Environment": "dev",
              "Project": "eks"
            },
            "timeouts": null,
            "upgrade_policy": [
              {
                "support_type": "EXTENDED"
              }
            ],
            "version": "1.34",
            "vpc_config": [
              {
                "cluster_security_group_id": "sg-093292726b86f647e",
                "endpoint_private_access": false,
                "endpoint_public_access": true,
                "public_access_cidrs": [
                  "0.0.0.0/0"
                ],
                "security_group_ids": [
                  "sg-0527886a8d3017084"
                ],
                "subnet_ids": [
                  "subnet-054e6d14b0ffbaae3",
                  "subnet-089e94a5d67f7d2dd"
                ],
                "vpc_id": "vpc-08cad6259c41e7aa9"
              }
            ],
            "zonal_shift_config": []
          },
          "sensitive_attributes": [],
          "private": "eyJlMmJmYjczMC1lY2FhLTExZTYtOGY4OC0zNDM2M2JjN2M0YzAiOnsiY3JlYXRlIjoxODAwMDAwMDAwMDAwLCJkZWxldGUiOjkwMDAwMDAwMDAwMCwidXBkYXRlIjozNjAwMDAwMDAwMDAwfSwic2NoZW1hX3ZlcnNpb24iOiIxIn0=",
          "dependencies": [
            "module.eks_iam.aws_iam_role.eks_cluster_role",
            "module.kms.aws_kms_key.my_kms_key",
            "module.pub_sg.module.app_sg.aws_security_group.this",
            "module.vpc.module.ak_vpc.aws_subnet.pri_subnet",
            "module.vpc.module.ak_vpc.aws_vpc.ak_vpc"
          ]
        }
      ]
    },
    {
      "module": "module.eks_iam",
      "mode": "data",
      "type": "aws_iam_policy_document",
      "name": "alb_assume_role",
      "provider": "provider[\"registry.terraform.io/hashicorp/aws\"]",
      "instances": []
    },
    {
      "module": "module.eks_iam",
      "mode": "managed",
      "type": "aws_iam_policy",
      "name": "alb_ingress_policy",
      "provider": "provider[\"registry.terraform.io/hashicorp/aws\"]",
      "instances": [
        {
          "schema_version": 0,
          "attributes": {
            "arn": "arn:aws:iam::088310115913:policy/eks-alb-ingress-policy",
            "attachment_count": 0,
            "delay_after_policy_creation_in_ms": null,
            "description": "",
            "id": "arn:aws:iam::088310115913:policy/eks-alb-ingress-policy",
            "name": "eks-alb-ingress-policy",
            "name_prefix": "",
            "path": "/",
            "policy": "{\"Statement\":[{\"Action\":[\"acm:DescribeCertificate\",\"acm:ListCertificates\",\"acm:GetCertificate\",\"ec2:AuthorizeSecurityGroupIngress\",\"ec2:RevokeSecurityGroupIngress\",\"ec2:CreateSecurityGroup\",\"ec2:DeleteSecurityGroup\",\"ec2:Describe*\",\"elasticloadbalancing:*\",\"iam:ListServerCertificates\",\"iam:GetServerCertificate\",\"cognito-idp:DescribeUserPoolClient\",\"waf-regional:GetWebACLForResource\",\"waf-regional:GetWebACL\",\"waf-regional:AssociateWebACL\",\"waf-regional:DisassociateWebACL\",\"tag:GetResources\",\"tag:TagResources\",\"waf:GetWebACL\"],\"Effect\":\"Allow\",\"Resource\":\"*\"}],\"Version\":\"2012-10-17\"}",
            "policy_id": "ANPARJD5RNZEXAUC7YKYD",
            "tags": null,
            "tags_all": {}
          },
          "sensitive_attributes": [],
          "private": "bnVsbA=="
        }
      ]
    },
    {
      "module": "module.eks_iam",
      "mode": "managed",
      "type": "aws_iam_role",
      "name": "alb_ingress_role",
      "provider": "provider[\"registry.terraform.io/hashicorp/aws\"]",
      "instances": []
    },
    {
      "module": "module.eks_iam",
      "mode": "managed",
      "type": "aws_iam_role",
      "name": "cloudwatch_role",
      "provider": "provider[\"registry.terraform.io/hashicorp/aws\"]",
      "instances": [
        {
          "schema_version": 0,
          "attributes": {
            "arn": "arn:aws:iam::088310115913:role/eks-cloudwatch-role",
            "assume_role_policy": "{\"Statement\":[{\"Action\":\"sts:AssumeRole\",\"Effect\":\"Allow\",\"Principal\":{\"Service\":\"ec2.amazonaws.com\"}}],\"Version\":\"2012-10-17\"}",
            "create_date": "2026-02-03T07:24:00Z",
            "description": "",
            "force_detach_policies": false,
            "id": "eks-cloudwatch-role",
            "inline_policy": [],
            "managed_policy_arns": [],
            "max_session_duration": 3600,
            "name": "eks-cloudwatch-role",
            "name_prefix": "",
            "path": "/",
            "permissions_boundary": "",
            "tags": null,
            "tags_all": {},
            "unique_id": "AROARJD5RNZEWSN6JCBBF"
          },
          "sensitive_attributes": [],
          "private": "bnVsbA=="
        }
      ]
    },
    {
      "module": "module.eks_iam",
      "mode": "managed",
      "type": "aws_iam_role",
      "name": "eks_cluster_role",
      "provider": "provider[\"registry.terraform.io/hashicorp/aws\"]",
      "instances": [
        {
          "schema_version": 0,
          "attributes": {
            "arn": "arn:aws:iam::088310115913:role/eks-eks-cluster-role",
            "assume_role_policy": "{\"Statement\":[{\"Action\":\"sts:AssumeRole\",\"Effect\":\"Allow\",\"Principal\":{\"Service\":\"eks.amazonaws.com\"}}],\"Version\":\"2012-10-17\"}",
            "create_date": "2026-02-03T07:24:00Z",
            "description": "",
            "force_detach_policies": false,
            "id": "eks-eks-cluster-role",
            "inline_policy": [],
            "managed_policy_arns": [],
            "max_session_duration": 3600,
            "name": "eks-eks-cluster-role",
            "name_prefix": "",
            "path": "/",
            "permissions_boundary": "",
            "tags": null,
            "tags_all": {},
            "unique_id": "AROARJD5RNZE54UQA3QPG"
          },
          "sensitive_attributes": [],
          "private": "bnVsbA=="
        }
      ]
    },
    {
      "module": "module.eks_iam",
      "mode": "managed",
      "type": "aws_iam_role",
      "name": "eks_node_role",
      "provider": "provider[\"registry.terraform.io/hashicorp/aws\"]",
      "instances": [
        {
          "schema_version": 0,
          "attributes": {
            "arn": "arn:aws:iam::088310115913:role/eks-eks-node-role",
            "assume_role_policy": "{\"Statement\":[{\"Action\":\"sts:AssumeRole\",\"Effect\":\"Allow\",\"Principal\":{\"Service\":\"ec2.amazonaws.com\"}}],\"Version\":\"2012-10-17\"}",
            "create_date": "2026-02-03T07:24:00Z",
            "description": "",
            "force_detach_policies": false,
            "id": "eks-eks-node-role",
            "inline_policy": [],
            "managed_policy_arns": [],
            "max_session_duration": 3600,
            "name": "eks-eks-node-role",
            "name_prefix": "",
            "path": "/",
            "permissions_boundary": "",
            "tags": null,
            "tags_all": {},
            "unique_id": "AROARJD5RNZE27ICHZUW6"
          },
          "sensitive_attributes": [],
          "private": "bnVsbA=="
        }
      ]
    },
    {
      "module": "module.eks_iam",
      "mode": "managed",
      "type": "aws_iam_role_policy_attachment",
      "name": "alb_policy_attach",
      "provider": "provider[\"registry.terraform.io/hashicorp/aws\"]",
      "instances": []
    },
    {
      "module": "module.eks_iam",
      "mode": "managed",
      "type": "aws_iam_role_policy_attachment",
      "name": "cloudwatch_logs",
      "provider": "provider[\"registry.terraform.io/hashicorp/aws\"]",
      "instances": [
        {
          "schema_version": 0,
          "attributes": {
            "id": "eks-cloudwatch-role/arn:aws:iam::aws:policy/CloudWatchAgentServerPolicy",
            "policy_arn": "arn:aws:iam::aws:policy/CloudWatchAgentServerPolicy",
            "role": "eks-cloudwatch-role"
          },
          "sensitive_attributes": [],
          "private": "bnVsbA==",
          "dependencies": [
            "module.eks_iam.aws_iam_role.cloudwatch_role"
          ]
        }
      ]
    },
    {
      "module": "module.eks_iam",
      "mode": "managed",
      "type": "aws_iam_role_policy_attachment",
      "name": "eks_cluster_policy",
      "provider": "provider[\"registry.terraform.io/hashicorp/aws\"]",
      "instances": [
        {
          "schema_version": 0,
          "attributes": {
            "id": "eks-eks-cluster-role/arn:aws:iam::aws:policy/AmazonEKSClusterPolicy",
            "policy_arn": "arn:aws:iam::aws:policy/AmazonEKSClusterPolicy",
            "role": "eks-eks-cluster-role"
          },
          "sensitive_attributes": [],
          "private": "bnVsbA==",
          "dependencies": [
            "module.eks_iam.aws_iam_role.eks_cluster_role"
          ]
        }
      ]
    },
    {
      "module": "module.eks_iam",
      "mode": "managed",
      "type": "aws_iam_role_policy_attachment",
      "name": "node_policies",
      "provider": "provider[\"registry.terraform.io/hashicorp/aws\"]",
      "instances": [
        {
          "index_key": "arn:aws:iam::aws:policy/AmazonEC2ContainerRegistryReadOnly",
          "schema_version": 0,
          "attributes": {
            "id": "eks-eks-node-role/arn:aws:iam::aws:policy/AmazonEC2ContainerRegistryReadOnly",
            "policy_arn": "arn:aws:iam::aws:policy/AmazonEC2ContainerRegistryReadOnly",
            "role": "eks-eks-node-role"
          },
          "sensitive_attributes": [],
          "private": "bnVsbA==",
          "dependencies": [
            "module.eks_iam.aws_iam_role.eks_node_role"
          ]
        },
        {
          "index_key": "arn:aws:iam::aws:policy/AmazonEKSWorkerNodePolicy",
          "schema_version": 0,
          "attributes": {
            "id": "eks-eks-node-role/arn:aws:iam::aws:policy/AmazonEKSWorkerNodePolicy",
            "policy_arn": "arn:aws:iam::aws:policy/AmazonEKSWorkerNodePolicy",
            "role": "eks-eks-node-role"
          },
          "sensitive_attributes": [],
          "private": "bnVsbA==",
          "dependencies": [
            "module.eks_iam.aws_iam_role.eks_node_role"
          ]
        },
        {
          "index_key": "arn:aws:iam::aws:policy/AmazonEKS_CNI_Policy",
          "schema_version": 0,
          "attributes": {
            "id": "eks-eks-node-role/arn:aws:iam::aws:policy/AmazonEKS_CNI_Policy",
            "policy_arn": "arn:aws:iam::aws:policy/AmazonEKS_CNI_Policy",
            "role": "eks-eks-node-role"
          },
          "sensitive_attributes": [],
          "private": "bnVsbA==",
          "dependencies": [
            "module.eks_iam.aws_iam_role.eks_node_role"
          ]
        },
        {
          "index_key": "arn:aws:iam::aws:policy/CloudWatchAgentServerPolicy",
          "schema_version": 0,
          "attributes": {
            "id": "eks-eks-node-role/arn:aws:iam::aws:policy/CloudWatchAgentServerPolicy",
            "policy_arn": "arn:aws:iam::aws:policy/CloudWatchAgentServerPolicy",
            "role": "eks-eks-node-role"
          },
          "sensitive_attributes": [],
          "private": "bnVsbA==",
          "dependencies": [
            "module.eks_iam.aws_iam_role.eks_node_role"
          ]
        }
      ]
    },
    {
      "module": "module.kms",
      "mode": "data",
      "type": "aws_iam_policy_document",
      "name": "kms_key_policy",
      "provider": "provider[\"registry.terraform.io/hashicorp/aws\"]",
      "instances": [
        {
          "schema_version": 0,
          "attributes": {
            "id": "4097398712",
            "json": "{\n  \"Version\": \"2012-10-17\",\n  \"Statement\": [\n    {\n      \"Effect\": \"Allow\",\n      \"Action\": [\n        \"s3:*\",\n        \"kms:GenerateDataKey\",\n        \"kms:Encrypt\",\n        \"kms:DescribeKey\",\n        \"kms:Decrypt\"\n      ],\n      \"Resource\": [\n        \"arn:aws:s3:::*\",\n        \"arn:aws:kms:us-east-1:088310115913:key/672d7a99-29d0-4c96-abe1-1d9db5ca2258\"\n      ]\n    }\n  ]\n}",
            "minified_json": "{\"Version\":\"2012-10-17\",\"Statement\":[{\"Effect\":\"Allow\",\"Action\":[\"s3:*\",\"kms:GenerateDataKey\",\"kms:Encrypt\",\"kms:DescribeKey\",\"kms:Decrypt\"],\"Resource\":[\"arn:aws:s3:::*\",\"arn:aws:kms:us-east-1:088310115913:key/672d7a99-29d0-4c96-abe1-1d9db5ca2258\"]}]}",
            "override_json": null,
            "override_policy_documents": null,
            "policy_id": null,
            "source_json": null,
            "source_policy_documents": null,
            "statement": [
              {
                "actions": [
                  "kms:Decrypt",
                  "kms:DescribeKey",
                  "kms:Encrypt",
                  "kms:GenerateDataKey",
                  "s3:*"
                ],
                "condition": [],
                "effect": "Allow",
                "not_actions": [],
                "not_principals": [],
                "not_resources": [],
                "principals": [],
                "resources": [
                  "arn:aws:kms:us-east-1:088310115913:key/672d7a99-29d0-4c96-abe1-1d9db5ca2258",
                  "arn:aws:s3:::*"
                ],
                "sid": ""
              }
            ],
            "version": "2012-10-17"
          },
          "sensitive_attributes": []
        }
      ]
    },
    {
      "module": "module.kms",
      "mode": "managed",
      "type": "aws_iam_policy",
      "name": "kms_key_policy",
      "provider": "provider[\"registry.terraform.io/hashicorp/aws\"]",
      "instances": [
        {
          "schema_version": 0,
          "attributes": {
            "arn": "arn:aws:iam::088310115913:policy/eks-kms-policy",
            "attachment_count": 0,
            "delay_after_policy_creation_in_ms": null,
            "description": "Allows EKS to use KMS key",
            "id": "arn:aws:iam::088310115913:policy/eks-kms-policy",
            "name": "eks-kms-policy",
            "name_prefix": "",
            "path": "/",
            "policy": "{\"Statement\":[{\"Action\":[\"s3:*\",\"kms:GenerateDataKey\",\"kms:Encrypt\",\"kms:DescribeKey\",\"kms:Decrypt\"],\"Effect\":\"Allow\",\"Resource\":[\"arn:aws:s3:::*\",\"arn:aws:kms:us-east-1:088310115913:key/672d7a99-29d0-4c96-abe1-1d9db5ca2258\"]}],\"Version\":\"2012-10-17\"}",
            "policy_id": "ANPARJD5RNZE4LRQYPNMW",
            "tags": null,
            "tags_all": {}
          },
          "sensitive_attributes": [],
          "private": "bnVsbA==",
          "dependencies": [
            "module.kms.aws_kms_key.my_kms_key",
            "module.kms.data.aws_iam_policy_document.kms_key_policy"
          ]
        }
      ]
    },
    {
      "module": "module.kms",
      "mode": "managed",
      "type": "aws_iam_policy_attachment",
      "name": "kms_key_access_attachment",
      "provider": "provider[\"registry.terraform.io/hashicorp/aws\"]",
      "instances": [
        {
          "schema_version": 0,
          "attributes": {
            "groups": null,
            "id": "eks-kms-policy-attachment",
            "name": "eks-kms-policy-attachment",
            "policy_arn": "arn:aws:iam::088310115913:policy/eks-kms-policy",
            "roles": [
              "eks-kms-user-role"
            ],
            "users": null
          },
          "sensitive_attributes": [],
          "private": "bnVsbA==",
          "dependencies": [
            "module.kms.aws_iam_policy.kms_key_policy",
            "module.kms.aws_iam_role.kms_key_user_role",
            "module.kms.aws_kms_key.my_kms_key",
            "module.kms.data.aws_iam_policy_document.kms_key_policy"
          ]
        }
      ]
    },
    {
      "module": "module.kms",
      "mode": "managed",
      "type": "aws_iam_role",
      "name": "kms_key_user_role",
      "provider": "provider[\"registry.terraform.io/hashicorp/aws\"]",
      "instances": [
        {
          "schema_version": 0,
          "attributes": {
            "arn": "arn:aws:iam::088310115913:role/eks-kms-user-role",
            "assume_role_policy": "{\"Statement\":[{\"Action\":\"sts:AssumeRole\",\"Effect\":\"Allow\",\"Principal\":{\"Service\":\"sns.amazonaws.com\"}}],\"Version\":\"2012-10-17\"}",
            "create_date": "2026-02-03T07:24:00Z",
            "description": "",
            "force_detach_policies": false,
            "id": "eks-kms-user-role",
            "inline_policy": [],
            "managed_policy_arns": [],
            "max_session_duration": 3600,
            "name": "eks-kms-user-role",
            "name_prefix": "",
            "path": "/",
            "permissions_boundary": "",
            "tags": null,
            "tags_all": {},
            "unique_id": "AROARJD5RNZETGNTHLQ75"
          },
          "sensitive_attributes": [],
          "private": "bnVsbA=="
        }
      ]
    },
    {
      "module": "module.kms",
      "mode": "managed",
      "type": "aws_kms_alias",
      "name": "my_alias",
      "provider": "provider[\"registry.terraform.io/hashicorp/aws\"]",
      "instances": [
        {
          "schema_version": 0,
          "attributes": {
            "arn": "arn:aws:kms:us-east-1:088310115913:alias/eks-secrets",
            "id": "alias/eks-secrets",
            "name": "alias/eks-secrets",
            "name_prefix": "",
            "region": "us-east-1",
            "target_key_arn": "arn:aws:kms:us-east-1:088310115913:key/672d7a99-29d0-4c96-abe1-1d9db5ca2258",
            "target_key_id": "672d7a99-29d0-4c96-abe1-1d9db5ca2258"
          },
          "sensitive_attributes": [],
          "private": "bnVsbA==",
          "dependencies": [
            "module.kms.aws_kms_key.my_kms_key"
          ]
        }
      ]
    },
    {
      "module": "module.kms",
      "mode": "managed",
      "type": "aws_kms_grant",
      "name": "my_kms_key_grant",
      "provider": "provider[\"registry.terraform.io/hashicorp/aws\"]",
      "instances": [
        {
          "schema_version": 0,
          "attributes": {
            "constraints": [],
            "grant_creation_tokens": null,
            "grant_id": "c60b30675f632ae4dfd300f855ed28a11224ec0d0bc1f54a460f3d1f6d3ee9e9",
            "grant_token": "AQpAZTZmYjE0NTAzZTA4MzE1ZmY0NGJjYWE2MTM0M2RjY2ZhNjAyYjc1OGRkZGQ0MjhhMTdmZWQyMTdkNjBiODQyNyKMAgEBAgB45vsUUD4IMV_0S8qmE0Pcz6YCt1jd3UKKF_7SF9YLhCcAAADjMIHgBgkqhkiG9w0BBwaggdIwgc8CAQAwgckGCSqGSIb3DQEHATAeBglghkgBZQMEAS4wEQQMlhvltOQqdf5SSQIaAgEQgIGb-guvKPk5ovwJrVdiM1O528jVFpKIOsjGbFCc3EG0WARUeEtEdYMFIsg8HWpdJLFC3vNjN6IFdZ3LzZl1Y9tqF3SFfDMWbmCbuZMvJu_1OdKKOVjQn2d_EcbnC6jn1sEC6QLNFKgw-1XTus6Y1POmP4FHtRp19rDIvzBHXAc_DaBkazqMAVdRQArsFpY1SduLQnzWSqj25vlVLrMqIMYLMGdfYyrk39MA-FXtKKESJOwNC8H1SkYPPR9tPunp",
            "grantee_principal": "arn:aws:iam::088310115913:role/eks-kms-user-role",
            "id": "672d7a99-29d0-4c96-abe1-1d9db5ca2258:c60b30675f632ae4dfd300f855ed28a11224ec0d0bc1f54a460f3d1f6d3ee9e9",
            "key_id": "672d7a99-29d0-4c96-abe1-1d9db5ca2258",
            "name": null,
            "operations": [
              "Decrypt",
              "Encrypt",
              "GenerateDataKey"
            ],
            "region": "us-east-1",
            "retire_on_delete": false,
            "retiring_principal": null
          },
          "sensitive_attributes": [
            [
              {
                "type": "get_attr",
                "value": "grant_token"
              }
            ]
          ],
          "private": "bnVsbA==",
          "dependencies": [
            "module.kms.aws_iam_role.kms_key_user_role",
            "module.kms.aws_kms_key.my_kms_key"
          ]
        }
      ]
    },
    {
      "module": "module.kms",
      "mode": "managed",
      "type": "aws_kms_key",
      "name": "my_kms_key",
      "provider": "provider[\"registry.terraform.io/hashicorp/aws\"]",
      "instances": [
        {
          "schema_version": 0,
          "attributes": {
            "arn": "arn:aws:kms:us-east-1:088310115913:key/672d7a99-29d0-4c96-abe1-1d9db5ca2258",
            "bypass_policy_lockout_safety_check": false,
            "custom_key_store_id": "",
            "customer_master_key_spec": "SYMMETRIC_DEFAULT",
            "deletion_window_in_days": 7,
            "description": "EKS encryption key",
            "enable_key_rotation": true,
            "id": "672d7a99-29d0-4c96-abe1-1d9db5ca2258",
            "is_enabled": true,
            "key_id": "672d7a99-29d0-4c96-abe1-1d9db5ca2258",
            "key_usage": "ENCRYPT_DECRYPT",
            "multi_region": false,
            "policy": "{\"Id\":\"key-default-1\",\"Statement\":[{\"Action\":\"kms:*\",\"Effect\":\"Allow\",\"Principal\":{\"AWS\":\"arn:aws:iam::088310115913:root\"},\"Resource\":\"*\",\"Sid\":\"Enable IAM User Permissions\"}],\"Version\":\"2012-10-17\"}",
            "region": "us-east-1",
            "rotation_period_in_days": 365,
            "tags": null,
            "tags_all": {},
            "timeouts": null,
            "xks_key_id": ""
          },
          "sensitive_attributes": [],
          "private": "eyJlMmJmYjczMC1lY2FhLTExZTYtOGY4OC0zNDM2M2JjN2M0YzAiOnsiY3JlYXRlIjoxMjAwMDAwMDAwMDB9fQ=="
        }
      ]
    },
    {
      "module": "module.pub_sg.module.app_sg",
      "mode": "managed",
      "type": "aws_security_group",
      "name": "this",
      "provider": "module.pub_sg.provider[\"registry.terraform.io/hashicorp/aws\"]",
      "instances": [
        {
          "schema_version": 1,
          "attributes": {
            "arn": "arn:aws:ec2:us-east-1:088310115913:security-group/sg-0527886a8d3017084",
            "description": "Application security group",
            "egress": [],
            "id": "sg-0527886a8d3017084",
            "ingress": [],
            "name": "app-sg",
            "name_prefix": "",
            "owner_id": "088310115913",
            "region": "us-east-1",
            "revoke_rules_on_delete": false,
            "tags": null,
            "tags_all": {},
            "timeouts": null,
            "vpc_id": "vpc-08cad6259c41e7aa9"
          },
          "sensitive_attributes": [],
          "private": "eyJlMmJmYjczMC1lY2FhLTExZTYtOGY4OC0zNDM2M2JjN2M0YzAiOnsiY3JlYXRlIjo2MDAwMDAwMDAwMDAsImRlbGV0ZSI6OTAwMDAwMDAwMDAwfSwic2NoZW1hX3ZlcnNpb24iOiIxIn0=",
          "dependencies": [
            "module.vpc.module.ak_vpc.aws_vpc.ak_vpc"
          ]
        }
      ]
    },
    {
      "module": "module.pub_sg.module.app_sg",
      "mode": "managed",
      "type": "aws_security_group_rule",
      "name": "egress",
      "provider": "module.pub_sg.provider[\"registry.terraform.io/hashicorp/aws\"]",
      "instances": [
        {
          "index_key": "0",
          "schema_version": 2,
          "attributes": {
            "cidr_blocks": [
              "0.0.0.0/0"
            ],
            "description": "Allow HTTPS outbound",
            "from_port": 443,
            "id": "sgrule-4142907390",
            "ipv6_cidr_blocks": null,
            "prefix_list_ids": null,
            "protocol": "tcp",
            "region": "us-east-1",
            "security_group_id": "sg-0527886a8d3017084",
            "security_group_rule_id": "sgr-061dad77f57c7ed39",
            "self": false,
            "source_security_group_id": null,
            "timeouts": null,
            "to_port": 443,
            "type": "egress"
          },
          "sensitive_attributes": [],
          "private": "eyJlMmJmYjczMC1lY2FhLTExZTYtOGY4OC0zNDM2M2JjN2M0YzAiOnsiY3JlYXRlIjozMDAwMDAwMDAwMDB9LCJzY2hlbWFfdmVyc2lvbiI6IjIifQ==",
          "dependencies": [
            "module.pub_sg.module.app_sg.aws_security_group.this",
            "module.vpc.module.ak_vpc.aws_vpc.ak_vpc"
          ]
        }
      ]
    },
    {
      "module": "module.vpc.module.ak_vpc",
      "mode": "managed",
      "type": "aws_eip",
      "name": "nat_eip",
      "provider": "module.vpc.provider[\"registry.terraform.io/hashicorp/aws\"]",
      "instances": [
        {
          "schema_version": 0,
          "attributes": {
            "address": null,
            "allocation_id": "eipalloc-028488e778a7d4331",
            "arn": "arn:aws:ec2:us-east-1:088310115913:elastic-ip/eipalloc-028488e778a7d4331",
            "associate_with_private_ip": null,
            "association_id": "",
            "carrier_ip": "",
            "customer_owned_ip": "",
            "customer_owned_ipv4_pool": "",
            "domain": "vpc",
            "id": "eipalloc-028488e778a7d4331",
            "instance": "",
            "ipam_pool_id": null,
            "network_border_group": "us-east-1",
            "network_interface": "",
            "private_dns": null,
            "private_ip": "",
            "ptr_record": "",
            "public_dns": "ec2-35-169-155-176.compute-1.amazonaws.com",
            "public_ip": "35.169.155.176",
            "public_ipv4_pool": "amazon",
            "region": "us-east-1",
            "tags": null,
            "tags_all": {},
            "timeouts": null
          },
          "sensitive_attributes": [],
          "private": "eyJlMmJmYjczMC1lY2FhLTExZTYtOGY4OC0zNDM2M2JjN2M0YzAiOnsiZGVsZXRlIjoxODAwMDAwMDAwMDAsInJlYWQiOjkwMDAwMDAwMDAwMCwidXBkYXRlIjozMDAwMDAwMDAwMDB9fQ=="
        }
      ]
    },
    {
      "module": "module.vpc.module.ak_vpc",
      "mode": "managed",
      "type": "aws_internet_gateway",
      "name": "igw",
      "provider": "module.vpc.provider[\"registry.terraform.io/hashicorp/aws\"]",
      "instances": [
        {
          "schema_version": 0,
          "attributes": {
            "arn": "arn:aws:ec2:us-east-1:088310115913:internet-gateway/igw-014504096a90e6a77",
            "id": "igw-014504096a90e6a77",
            "owner_id": "088310115913",
            "region": "us-east-1",
            "tags": {
              "Name": "ak-igw"
            },
            "tags_all": {
              "Name": "ak-igw"
            },
            "timeouts": null,
            "vpc_id": "vpc-08cad6259c41e7aa9"
          },
          "sensitive_attributes": [],
          "private": "eyJlMmJmYjczMC1lY2FhLTExZTYtOGY4OC0zNDM2M2JjN2M0YzAiOnsiY3JlYXRlIjoxMjAwMDAwMDAwMDAwLCJkZWxldGUiOjEyMDAwMDAwMDAwMDAsInVwZGF0ZSI6MTIwMDAwMDAwMDAwMH19",
          "dependencies": [
            "module.vpc.module.ak_vpc.aws_vpc.ak_vpc"
          ]
        }
      ]
    },
    {
      "module": "module.vpc.module.ak_vpc",
      "mode": "managed",
      "type": "aws_nat_gateway",
      "name": "nat_gw",
      "provider": "module.vpc.provider[\"registry.terraform.io/hashicorp/aws\"]",
      "instances": [
        {
          "schema_version": 0,
          "attributes": {
            "allocation_id": "eipalloc-028488e778a7d4331",
            "association_id": "eipassoc-0ac959cc64feef2df",
            "auto_provision_zones": null,
            "auto_scaling_ips": null,
            "availability_mode": "zonal",
            "availability_zone_address": [],
            "connectivity_type": "public",
            "id": "nat-0a29fbd36d97aabea",
            "network_interface_id": "eni-0694f2734a61b6985",
            "private_ip": "10.0.1.155",
            "public_ip": "35.169.155.176",
            "region": "us-east-1",
            "regional_nat_gateway_address": [],
            "regional_nat_gateway_auto_mode": null,
            "route_table_id": null,
            "secondary_allocation_ids": [],
            "secondary_private_ip_address_count": 0,
            "secondary_private_ip_addresses": [],
            "subnet_id": "subnet-0880c427863e8ab0b",
            "tags": {
              "Name": "ak-nat-gw"
            },
            "tags_all": {
              "Name": "ak-nat-gw"
            },
            "timeouts": null,
            "vpc_id": "vpc-08cad6259c41e7aa9"
          },
          "sensitive_attributes": [],
          "private": "eyJlMmJmYjczMC1lY2FhLTExZTYtOGY4OC0zNDM2M2JjN2M0YzAiOnsiY3JlYXRlIjo2MDAwMDAwMDAwMDAsImRlbGV0ZSI6MTgwMDAwMDAwMDAwMCwidXBkYXRlIjo2MDAwMDAwMDAwMDB9fQ==",
          "dependencies": [
            "module.vpc.module.ak_vpc.aws_eip.nat_eip",
            "module.vpc.module.ak_vpc.aws_internet_gateway.igw",
            "module.vpc.module.ak_vpc.aws_subnet.pub_subnet",
            "module.vpc.module.ak_vpc.aws_vpc.ak_vpc"
          ]
        }
      ]
    },
    {
      "module": "module.vpc.module.ak_vpc",
      "mode": "managed",
      "type": "aws_route_table",
      "name": "pri_rt",
      "provider": "module.vpc.provider[\"registry.terraform.io/hashicorp/aws\"]",
      "instances": [
        {
          "schema_version": 0,
          "attributes": {
            "arn": "arn:aws:ec2:us-east-1:088310115913:route-table/rtb-03dde98832b569ec1",
            "id": "rtb-03dde98832b569ec1",
            "owner_id": "088310115913",
            "propagating_vgws": [],
            "region": "us-east-1",
            "route": [
              {
                "carrier_gateway_id": "",
                "cidr_block": "0.0.0.0/0",
                "core_network_arn": "",
                "destination_prefix_list_id": "",
                "egress_only_gateway_id": "",
                "gateway_id": "",
                "ipv6_cidr_block": "",
                "local_gateway_id": "",
                "nat_gateway_id": "nat-0a29fbd36d97aabea",
                "network_interface_id": "",
                "transit_gateway_id": "",
                "vpc_endpoint_id": "",
                "vpc_peering_connection_id": ""
              }
            ],
            "tags": {
              "Name": "ak-private-rt"
            },
            "tags_all": {
              "Name": "ak-private-rt"
            },
            "timeouts": null,
            "vpc_id": "vpc-08cad6259c41e7aa9"
          },
          "sensitive_attributes": [],
          "private": "eyJlMmJmYjczMC1lY2FhLTExZTYtOGY4OC0zNDM2M2JjN2M0YzAiOnsiY3JlYXRlIjozMDAwMDAwMDAwMDAsImRlbGV0ZSI6MzAwMDAwMDAwMDAwLCJ1cGRhdGUiOjEyMDAwMDAwMDAwMH19",
          "dependencies": [
            "module.vpc.module.ak_vpc.aws_eip.nat_eip",
            "module.vpc.module.ak_vpc.aws_internet_gateway.igw",
            "module.vpc.module.ak_vpc.aws_nat_gateway.nat_gw",
            "module.vpc.module.ak_vpc.aws_subnet.pub_subnet",
            "module.vpc.module.ak_vpc.aws_vpc.ak_vpc"
          ]
        }
      ]
    },
    {
      "module": "module.vpc.module.ak_vpc",
      "mode": "managed",
      "type": "aws_route_table",
      "name": "pub_rt",
      "provider": "module.vpc.provider[\"registry.terraform.io/hashicorp/aws\"]",
      "instances": [
        {
          "schema_version": 0,
          "attributes": {
            "arn": "arn:aws:ec2:us-east-1:088310115913:route-table/rtb-0bd9ceaf01653be8d",
            "id": "rtb-0bd9ceaf01653be8d",
            "owner_id": "088310115913",
            "propagating_vgws": [],
            "region": "us-east-1",
            "route": [
              {
                "carrier_gateway_id": "",
                "cidr_block": "0.0.0.0/0",
                "core_network_arn": "",
                "destination_prefix_list_id": "",
                "egress_only_gateway_id": "",
                "gateway_id": "igw-014504096a90e6a77",
                "ipv6_cidr_block": "",
                "local_gateway_id": "",
                "nat_gateway_id": "",
                "network_interface_id": "",
                "transit_gateway_id": "",
                "vpc_endpoint_id": "",
                "vpc_peering_connection_id": ""
              }
            ],
            "tags": {
              "Name": "ak-public-rt"
            },
            "tags_all": {
              "Name": "ak-public-rt"
            },
            "timeouts": null,
            "vpc_id": "vpc-08cad6259c41e7aa9"
          },
          "sensitive_attributes": [],
          "private": "eyJlMmJmYjczMC1lY2FhLTExZTYtOGY4OC0zNDM2M2JjN2M0YzAiOnsiY3JlYXRlIjozMDAwMDAwMDAwMDAsImRlbGV0ZSI6MzAwMDAwMDAwMDAwLCJ1cGRhdGUiOjEyMDAwMDAwMDAwMH19",
          "dependencies": [
            "module.vpc.module.ak_vpc.aws_internet_gateway.igw",
            "module.vpc.module.ak_vpc.aws_vpc.ak_vpc"
          ]
        }
      ]
    },
    {
      "module": "module.vpc.module.ak_vpc",
      "mode": "managed",
      "type": "aws_route_table_association",
      "name": "pri_rt_assoc",
      "provider": "module.vpc.provider[\"registry.terraform.io/hashicorp/aws\"]",
      "instances": [
        {
          "index_key": 0,
          "schema_version": 0,
          "attributes": {
            "gateway_id": "",
            "id": "rtbassoc-0b2807c0c9f5b0a51",
            "region": "us-east-1",
            "route_table_id": "rtb-03dde98832b569ec1",
            "subnet_id": "subnet-054e6d14b0ffbaae3",
            "timeouts": null
          },
          "sensitive_attributes": [],
          "private": "eyJlMmJmYjczMC1lY2FhLTExZTYtOGY4OC0zNDM2M2JjN2M0YzAiOnsiY3JlYXRlIjozMDAwMDAwMDAwMDAsImRlbGV0ZSI6MzAwMDAwMDAwMDAwLCJ1cGRhdGUiOjEyMDAwMDAwMDAwMH19",
          "dependencies": [
            "module.vpc.module.ak_vpc.aws_eip.nat_eip",
            "module.vpc.module.ak_vpc.aws_internet_gateway.igw",
            "module.vpc.module.ak_vpc.aws_nat_gateway.nat_gw",
            "module.vpc.module.ak_vpc.aws_route_table.pri_rt",
            "module.vpc.module.ak_vpc.aws_subnet.pri_subnet",
            "module.vpc.module.ak_vpc.aws_subnet.pub_subnet",
            "module.vpc.module.ak_vpc.aws_vpc.ak_vpc"
          ]
        },
        {
          "index_key": 1,
          "schema_version": 0,
          "attributes": {
            "gateway_id": "",
            "id": "rtbassoc-048ba6a0e8891d470",
            "region": "us-east-1",
            "route_table_id": "rtb-03dde98832b569ec1",
            "subnet_id": "subnet-089e94a5d67f7d2dd",
            "timeouts": null
          },
          "sensitive_attributes": [],
          "private": "eyJlMmJmYjczMC1lY2FhLTExZTYtOGY4OC0zNDM2M2JjN2M0YzAiOnsiY3JlYXRlIjozMDAwMDAwMDAwMDAsImRlbGV0ZSI6MzAwMDAwMDAwMDAwLCJ1cGRhdGUiOjEyMDAwMDAwMDAwMH19",
          "dependencies": [
            "module.vpc.module.ak_vpc.aws_eip.nat_eip",
            "module.vpc.module.ak_vpc.aws_internet_gateway.igw",
            "module.vpc.module.ak_vpc.aws_nat_gateway.nat_gw",
            "module.vpc.module.ak_vpc.aws_route_table.pri_rt",
            "module.vpc.module.ak_vpc.aws_subnet.pri_subnet",
            "module.vpc.module.ak_vpc.aws_subnet.pub_subnet",
            "module.vpc.module.ak_vpc.aws_vpc.ak_vpc"
          ]
        }
      ]
    },
    {
      "module": "module.vpc.module.ak_vpc",
      "mode": "managed",
      "type": "aws_route_table_association",
      "name": "pub_rt_assoc",
      "provider": "module.vpc.provider[\"registry.terraform.io/hashicorp/aws\"]",
      "instances": [
        {
          "index_key": 0,
          "schema_version": 0,
          "attributes": {
            "gateway_id": "",
            "id": "rtbassoc-08c2479828f3b9580",
            "region": "us-east-1",
            "route_table_id": "rtb-0bd9ceaf01653be8d",
            "subnet_id": "subnet-0880c427863e8ab0b",
            "timeouts": null
          },
          "sensitive_attributes": [],
          "private": "eyJlMmJmYjczMC1lY2FhLTExZTYtOGY4OC0zNDM2M2JjN2M0YzAiOnsiY3JlYXRlIjozMDAwMDAwMDAwMDAsImRlbGV0ZSI6MzAwMDAwMDAwMDAwLCJ1cGRhdGUiOjEyMDAwMDAwMDAwMH19",
          "dependencies": [
            "module.vpc.module.ak_vpc.aws_internet_gateway.igw",
            "module.vpc.module.ak_vpc.aws_route_table.pub_rt",
            "module.vpc.module.ak_vpc.aws_subnet.pub_subnet",
            "module.vpc.module.ak_vpc.aws_vpc.ak_vpc"
          ]
        },
        {
          "index_key": 1,
          "schema_version": 0,
          "attributes": {
            "gateway_id": "",
            "id": "rtbassoc-0e6787a232017292f",
            "region": "us-east-1",
            "route_table_id": "rtb-0bd9ceaf01653be8d",
            "subnet_id": "subnet-03a0fd3909198eae7",
            "timeouts": null
          },
          "sensitive_attributes": [],
          "private": "eyJlMmJmYjczMC1lY2FhLTExZTYtOGY4OC0zNDM2M2JjN2M0YzAiOnsiY3JlYXRlIjozMDAwMDAwMDAwMDAsImRlbGV0ZSI6MzAwMDAwMDAwMDAwLCJ1cGRhdGUiOjEyMDAwMDAwMDAwMH19",
          "dependencies": [
            "module.vpc.module.ak_vpc.aws_internet_gateway.igw",
            "module.vpc.module.ak_vpc.aws_route_table.pub_rt",
            "module.vpc.module.ak_vpc.aws_subnet.pub_subnet",
            "module.vpc.module.ak_vpc.aws_vpc.ak_vpc"
          ]
        }
      ]
    },
    {
      "module": "module.vpc.module.ak_vpc",
      "mode": "managed",
      "type": "aws_subnet",
      "name": "pri_subnet",
      "provider": "module.vpc.provider[\"registry.terraform.io/hashicorp/aws\"]",
      "instances": [
        {
          "index_key": 0,
          "schema_version": 1,
          "attributes": {
            "arn": "arn:aws:ec2:us-east-1:088310115913:subnet/subnet-054e6d14b0ffbaae3",
            "assign_ipv6_address_on_creation": false,
            "availability_zone": "us-east-1a",
            "availability_zone_id": "use1-az1",
            "cidr_block": "10.0.101.0/24",
            "customer_owned_ipv4_pool": "",
            "enable_dns64": false,
            "enable_lni_at_device_index": 0,
            "enable_resource_name_dns_a_record_on_launch": false,
            "enable_resource_name_dns_aaaa_record_on_launch": false,
            "id": "subnet-054e6d14b0ffbaae3",
            "ipv4_ipam_pool_id": null,
            "ipv4_netmask_length": null,
            "ipv6_cidr_block": "",
            "ipv6_cidr_block_association_id": "",
            "ipv6_ipam_pool_id": null,
            "ipv6_native": false,
            "ipv6_netmask_length": null,
            "map_customer_owned_ip_on_launch": false,
            "map_public_ip_on_launch": false,
            "outpost_arn": "",
            "owner_id": "088310115913",
            "private_dns_hostname_type_on_launch": "ip-name",
            "region": "us-east-1",
            "tags": {
              "Name": "ak-pri-subnet-1"
            },
            "tags_all": {
              "Name": "ak-pri-subnet-1"
            },
            "timeouts": null,
            "vpc_id": "vpc-08cad6259c41e7aa9"
          },
          "sensitive_attributes": [],
          "private": "eyJlMmJmYjczMC1lY2FhLTExZTYtOGY4OC0zNDM2M2JjN2M0YzAiOnsiY3JlYXRlIjo2MDAwMDAwMDAwMDAsImRlbGV0ZSI6MTIwMDAwMDAwMDAwMH0sInNjaGVtYV92ZXJzaW9uIjoiMSJ9",
          "dependencies": [
            "module.vpc.module.ak_vpc.aws_vpc.ak_vpc"
          ]
        },
        {
          "index_key": 1,
          "schema_version": 1,
          "attributes": {
            "arn": "arn:aws:ec2:us-east-1:088310115913:subnet/subnet-089e94a5d67f7d2dd",
            "assign_ipv6_address_on_creation": false,
            "availability_zone": "us-east-1b",
            "availability_zone_id": "use1-az2",
            "cidr_block": "10.0.102.0/24",
            "customer_owned_ipv4_pool": "",
            "enable_dns64": false,
            "enable_lni_at_device_index": 0,
            "enable_resource_name_dns_a_record_on_launch": false,
            "enable_resource_name_dns_aaaa_record_on_launch": false,
            "id": "subnet-089e94a5d67f7d2dd",
            "ipv4_ipam_pool_id": null,
            "ipv4_netmask_length": null,
            "ipv6_cidr_block": "",
            "ipv6_cidr_block_association_id": "",
            "ipv6_ipam_pool_id": null,
            "ipv6_native": false,
            "ipv6_netmask_length": null,
            "map_customer_owned_ip_on_launch": false,
            "map_public_ip_on_launch": false,
            "outpost_arn": "",
            "owner_id": "088310115913",
            "private_dns_hostname_type_on_launch": "ip-name",
            "region": "us-east-1",
            "tags": {
              "Name": "ak-pri-subnet-2"
            },
            "tags_all": {
              "Name": "ak-pri-subnet-2"
            },
            "timeouts": null,
            "vpc_id": "vpc-08cad6259c41e7aa9"
          },
          "sensitive_attributes": [],
          "private": "eyJlMmJmYjczMC1lY2FhLTExZTYtOGY4OC0zNDM2M2JjN2M0YzAiOnsiY3JlYXRlIjo2MDAwMDAwMDAwMDAsImRlbGV0ZSI6MTIwMDAwMDAwMDAwMH0sInNjaGVtYV92ZXJzaW9uIjoiMSJ9",
          "dependencies": [
            "module.vpc.module.ak_vpc.aws_vpc.ak_vpc"
          ]
        }
      ]
    },
    {
      "module": "module.vpc.module.ak_vpc",
      "mode": "managed",
      "type": "aws_subnet",
      "name": "pub_subnet",
      "provider": "module.vpc.provider[\"registry.terraform.io/hashicorp/aws\"]",
      "instances": [
        {
          "index_key": 0,
          "schema_version": 1,
          "attributes": {
            "arn": "arn:aws:ec2:us-east-1:088310115913:subnet/subnet-0880c427863e8ab0b",
            "assign_ipv6_address_on_creation": false,
            "availability_zone": "us-east-1a",
            "availability_zone_id": "use1-az1",
            "cidr_block": "10.0.1.0/24",
            "customer_owned_ipv4_pool": "",
            "enable_dns64": false,
            "enable_lni_at_device_index": 0,
            "enable_resource_name_dns_a_record_on_launch": false,
            "enable_resource_name_dns_aaaa_record_on_launch": false,
            "id": "subnet-0880c427863e8ab0b",
            "ipv4_ipam_pool_id": null,
            "ipv4_netmask_length": null,
            "ipv6_cidr_block": "",
            "ipv6_cidr_block_association_id": "",
            "ipv6_ipam_pool_id": null,
            "ipv6_native": false,
            "ipv6_netmask_length": null,
            "map_customer_owned_ip_on_launch": false,
            "map_public_ip_on_launch": true,
            "outpost_arn": "",
            "owner_id": "088310115913",
            "private_dns_hostname_type_on_launch": "ip-name",
            "region": "us-east-1",
            "tags": {
              "Name": "ak-pub-subnet-1"
            },
            "tags_all": {
              "Name": "ak-pub-subnet-1"
            },
            "timeouts": null,
            "vpc_id": "vpc-08cad6259c41e7aa9"
          },
          "sensitive_attributes": [],
          "private": "eyJlMmJmYjczMC1lY2FhLTExZTYtOGY4OC0zNDM2M2JjN2M0YzAiOnsiY3JlYXRlIjo2MDAwMDAwMDAwMDAsImRlbGV0ZSI6MTIwMDAwMDAwMDAwMH0sInNjaGVtYV92ZXJzaW9uIjoiMSJ9",
          "dependencies": [
            "module.vpc.module.ak_vpc.aws_vpc.ak_vpc"
          ]
        },
        {
          "index_key": 1,
          "schema_version": 1,
          "attributes": {
            "arn": "arn:aws:ec2:us-east-1:088310115913:subnet/subnet-03a0fd3909198eae7",
            "assign_ipv6_address_on_creation": false,
            "availability_zone": "us-east-1b",
            "availability_zone_id": "use1-az2",
            "cidr_block": "10.0.2.0/24",
            "customer_owned_ipv4_pool": "",
            "enable_dns64": false,
            "enable_lni_at_device_index": 0,
            "enable_resource_name_dns_a_record_on_launch": false,
            "enable_resource_name_dns_aaaa_record_on_launch": false,
            "id": "subnet-03a0fd3909198eae7",
            "ipv4_ipam_pool_id": null,
            "ipv4_netmask_length": null,
            "ipv6_cidr_block": "",
            "ipv6_cidr_block_association_id": "",
            "ipv6_ipam_pool_id": null,
            "ipv6_native": false,
            "ipv6_netmask_length": null,
            "map_customer_owned_ip_on_launch": false,
            "map_public_ip_on_launch": true,
            "outpost_arn": "",
            "owner_id": "088310115913",
            "private_dns_hostname_type_on_launch": "ip-name",
            "region": "us-east-1",
            "tags": {
              "Name": "ak-pub-subnet-2"
            },
            "tags_all": {
              "Name": "ak-pub-subnet-2"
            },
            "timeouts": null,
            "vpc_id": "vpc-08cad6259c41e7aa9"
          },
          "sensitive_attributes": [],
          "private": "eyJlMmJmYjczMC1lY2FhLTExZTYtOGY4OC0zNDM2M2JjN2M0YzAiOnsiY3JlYXRlIjo2MDAwMDAwMDAwMDAsImRlbGV0ZSI6MTIwMDAwMDAwMDAwMH0sInNjaGVtYV92ZXJzaW9uIjoiMSJ9",
          "dependencies": [
            "module.vpc.module.ak_vpc.aws_vpc.ak_vpc"
          ]
        }
      ]
    },
    {
      "module": "module.vpc.module.ak_vpc",
      "mode": "managed",
      "type": "aws_vpc",
      "name": "ak_vpc",
      "provider": "module.vpc.provider[\"registry.terraform.io/hashicorp/aws\"]",
      "instances": [
        {
          "schema_version": 1,
          "attributes": {
            "arn": "arn:aws:ec2:us-east-1:088310115913:vpc/vpc-08cad6259c41e7aa9",
            "assign_generated_ipv6_cidr_block": false,
            "cidr_block": "10.0.0.0/16",
            "default_network_acl_id": "acl-0848564f70837a56e",
            "default_route_table_id": "rtb-07c51adfc2305ebf0",
            "default_security_group_id": "sg-025ad56e3e7798bfa",
            "dhcp_options_id": "dopt-0cea2df4c794124ea",
            "enable_dns_hostnames": true,
            "enable_dns_support": true,
            "enable_network_address_usage_metrics": false,
            "id": "vpc-08cad6259c41e7aa9",
            "instance_tenancy": "default",
            "ipv4_ipam_pool_id": null,
            "ipv4_netmask_length": null,
            "ipv6_association_id": "",
            "ipv6_cidr_block": "",
            "ipv6_cidr_block_network_border_group": "",
            "ipv6_ipam_pool_id": "",
            "ipv6_netmask_length": 0,
            "main_route_table_id": "rtb-07c51adfc2305ebf0",
            "owner_id": "088310115913",
            "region": "us-east-1",
            "tags": {
              "Environment": "dev",
              "Name": "ak-vpc"
            },
            "tags_all": {
              "Environment": "dev",
              "Name": "ak-vpc"
            }
          },
          "sensitive_attributes": [],
          "private": "eyJzY2hlbWFfdmVyc2lvbiI6IjEifQ=="
        }
      ]
    },
    {
      "module": "module.vpc.module.pub_sg.module.alb_sg",
      "mode": "managed",
      "type": "aws_security_group",
      "name": "this",
      "provider": "module.vpc.module.pub_sg.provider[\"registry.terraform.io/hashicorp/aws\"]",
      "instances": [
        {
          "schema_version": 1,
          "attributes": {
            "arn": "arn:aws:ec2:us-east-1:088310115913:security-group/sg-03e927275d6555229",
            "description": "ALB security group",
            "egress": [],
            "id": "sg-03e927275d6555229",
            "ingress": [],
            "name": "alb-sg-new",
            "name_prefix": "",
            "owner_id": "088310115913",
            "region": "us-east-1",
            "revoke_rules_on_delete": false,
            "tags": null,
            "tags_all": {},
            "timeouts": null,
            "vpc_id": "vpc-08cad6259c41e7aa9"
          },
          "sensitive_attributes": [],
          "private": "eyJlMmJmYjczMC1lY2FhLTExZTYtOGY4OC0zNDM2M2JjN2M0YzAiOnsiY3JlYXRlIjo2MDAwMDAwMDAwMDAsImRlbGV0ZSI6OTAwMDAwMDAwMDAwfSwic2NoZW1hX3ZlcnNpb24iOiIxIn0=",
          "dependencies": [
            "module.vpc.module.ak_vpc.aws_vpc.ak_vpc"
          ]
        }
      ]
    },
    {
      "module": "module.vpc.module.pub_sg.module.alb_sg",
      "mode": "managed",
      "type": "aws_security_group_rule",
      "name": "ingress",
      "provider": "module.vpc.module.pub_sg.provider[\"registry.terraform.io/hashicorp/aws\"]",
      "instances": [
        {
          "index_key": "0",
          "schema_version": 2,
          "attributes": {
            "cidr_blocks": [
              "0.0.0.0/0"
            ],
            "description": null,
            "from_port": 443,
            "id": "sgrule-4220929339",
            "ipv6_cidr_blocks": null,
            "prefix_list_ids": null,
            "protocol": "tcp",
            "region": "us-east-1",
            "security_group_id": "sg-03e927275d6555229",
            "security_group_rule_id": "sgr-0810ff938ef4d6f6e",
            "self": false,
            "source_security_group_id": null,
            "timeouts": null,
            "to_port": 443,
            "type": "ingress"
          },
          "sensitive_attributes": [],
          "private": "eyJlMmJmYjczMC1lY2FhLTExZTYtOGY4OC0zNDM2M2JjN2M0YzAiOnsiY3JlYXRlIjozMDAwMDAwMDAwMDB9LCJzY2hlbWFfdmVyc2lvbiI6IjIifQ==",
          "dependencies": [
            "module.vpc.module.ak_vpc.aws_vpc.ak_vpc",
            "module.vpc.module.pub_sg.module.alb_sg.aws_security_group.this"
          ]
        }
      ]
    }
  ],
  "check_results": null
}
