{
  "version": 4,
  "terraform_version": "1.10.5",
  "serial": 7,
  "lineage": "a8082f97-bd53-89cd-f0eb-ad4869b120c2",
  "outputs": {
    "security_group_id": {
      "value": "sg-0285d8009533ee712",
      "type": "string"
    },
    "security_group_name": {
      "value": "s",
      "type": "string"
    }
  },
  "resources": [
    {
      "mode": "managed",
      "type": "aws_security_group",
      "name": "this",
      "provider": "provider[\"registry.terraform.io/hashicorp/aws\"]",
      "instances": [
        {
          "schema_version": 1,
          "attributes": {
            "arn": "arn:aws:ec2:us-east-1:088310115913:security-group/sg-0285d8009533ee712",
            "description": "s",
            "egress": [],
            "id": "sg-0285d8009533ee712",
            "ingress": [],
            "name": "s",
            "name_prefix": "",
            "owner_id": "088310115913",
            "region": "us-east-1",
            "revoke_rules_on_delete": false,
            "tags": null,
            "tags_all": {},
            "timeouts": null,
            "vpc_id": "vpc-05528a3c7151b0996"
          },
          "sensitive_attributes": [],
          "private": "eyJlMmJmYjczMC1lY2FhLTExZTYtOGY4OC0zNDM2M2JjN2M0YzAiOnsiY3JlYXRlIjo2MDAwMDAwMDAwMDAsImRlbGV0ZSI6OTAwMDAwMDAwMDAwfSwic2NoZW1hX3ZlcnNpb24iOiIxIn0="
        }
      ]
    }
  ],
  "check_results": null
}
